
Microsoft Visual Studio Solution File, Format Version 12.00
# Visual Studio 15
VisualStudioVersion = 15.0.28307.1022
MinimumVisualStudioVersion = 10.0.40219.1
Project("{FAE04EC0-301F-11D3-BF4B-00C04F79EFBC}") = "notepad4Me", "notepad4Me\notepad4Me.csproj", "{FD11DA40-6A83-4DB7-AA71-03FB68069320}"
EndProject
Global
	GlobalSection(SolutionConfigurationPlatforms) = preSolution
		Debug|Any CPU = Debug|Any CPU
		Release|Any CPU = Release|Any CPU
	EndGlobalSection
	GlobalSection(ProjectConfigurationPlatforms) = postSolution
		{FD11DA40-6A83-4DB7-AA71-03FB68069320}.Debug|Any CPU.ActiveCfg = Debug|Any CPU
		{FD11DA40-6A83-4DB7-AA71-03FB68069320}.Debug|Any CPU.Build.0 = Debug|Any CPU
		{FD11DA40-6A83-4DB7-AA71-03FB68069320}.Release|Any CPU.ActiveCfg = Release|Any CPU
		{FD11DA40-6A83-4DB7-AA71-03FB68069320}.Release|Any CPU.Build.0 = Release|Any CPU
	EndGlobalSection
	GlobalSection(SolutionProperties) = preSolution
		HideSolutionNode = FALSE
	EndGlobalSection
	GlobalSection(ExtensibilityGlobals) = postSolution
		SolutionGuid = {B87078E0-0BD2-4E1C-BC60-F71F779BB0C1}
	EndGlobalSection
EndGlobal
